# THIS IS AN AUTOGENERATED FILE. DO NOT EDIT THIS FILE DIRECTLY.
# yarn lockfile v1


"@napi-rs/cli@^2.2.0":
  version "2.2.0"
  resolved "https://registry.yarnpkg.com/@napi-rs/cli/-/cli-2.2.0.tgz#0129406192c2dfff6e8fc3de0c8be1d2ec286e3f"
  integrity sha512-lXOKq0EZWztzHIlpXhKG0Nrv/PDZAl/yBsqQTG0aDfdjGCJudtPgWLR7zzaJoYzkkdFJo0r+teYYzgC+cXB4KQ==
